// !$*UTF8*$!
{
	archiveVersion = 1;
	classes = {
	};
	objectVersion = 56;
	objects = {

/* Begin PBXBuildFile section */
		3199A2892AAAA56A00E48A9E /* Main.storyboard in Resources */ = {isa = PBXBuildFile; fileRef = 3199A2882AAAA56A00E48A9E /* Main.storyboard */; };
		31D96B062AA7EC4D008931E6 /* AppDelegate.swift in Sources */ = {isa = PBXBuildFile; fileRef = 31D96B052AA7EC4D008931E6 /* AppDelegate.swift */; };
		31D96B082AA7EC4D008931E6 /* SceneDelegate.swift in Sources */ = {isa = PBXBuildFile; fileRef = 31D96B072AA7EC4D008931E6 /* SceneDelegate.swift */; };
		31D96B0A2AA7EC4D008931E6 /* ViewController.swift in Sources */ = {isa = PBXBuildFile; fileRef = 31D96B092AA7EC4D008931E6 /* ViewController.swift */; };
		31D96B0F2AA7EC4E008931E6 /* Assets.xcassets in Resources */ = {isa = PBXBuildFile; fileRef = 31D96B0E2AA7EC4E008931E6 /* Assets.xcassets */; };
		31D96B122AA7EC4E008931E6 /* LaunchScreen.storyboard in Resources */ = {isa = PBXBuildFile; fileRef = 31D96B102AA7EC4E008931E6 /* LaunchScreen.storyboard */; };
		31D96B1C2AAA9986008931E6 /* secondViewController.swift in Sources */ = {isa = PBXBuildFile; fileRef = 31D96B1B2AAA9986008931E6 /* secondViewController.swift */; };
/* End PBXBuildFile section */

/* Begin PBXFileReference section */
		3199A2882AAAA56A00E48A9E /* Main.storyboard */ = {isa = PBXFileReference; fileEncoding = 4; lastKnownFileType = file.storyboard; name = Main.storyboard; path = ../../.Trash/Main.storyboard; sourceTree = "<group>"; };
		3199A28A2AAAA56E00E48A9E /* Main.storyboard */ = {isa = PBXFileReference; lastKnownFileType = file.storyboard; path = Main.storyboard; sourceTree = "<group>"; };
		31D96B022AA7EC4D008931E6 /* HackwichTwo 9.5.25.app */ = {isa = PBXFileReference; explicitFileType = wrapper.application; includeInIndex = 0; path = "HackwichTwo 9.5.25.app"; sourceTree = BUILT_PRODUCTS_DIR; };
		31D96B052AA7EC4D008931E6 /* AppDelegate.swift */ = {isa = PBXFileReference; lastKnownFileType = sourcecode.swift; path = AppDelegate.swift; sourceTree = "<group>"; };
		31D96B072AA7EC4D008931E6 /* SceneDelegate.swift */ = {isa = PBXFileReference; lastKnownFileType = sourcecode.swift; path = SceneDelegate.swift; sourceTree = "<group>"; };
		31D96B092AA7EC4D008931E6 /* ViewController.swift */ = {isa = PBXFileReference; lastKnownFileType = sourcecode.swift; path = ViewController.swift; sourceTree = "<group>"; };
		31D96B0E2AA7EC4E008931E6 /* Assets.xcassets */ = {isa = PBXFileReference; lastKnownFileType = folder.assetcatalog; path = Assets.xcassets; sourceTree = "<group>"; };
		31D96B112AA7EC4E008931E6 /* Base */ = {isa = PBXFileReference; lastKnownFileType = file.storyboard; name = Base; path = Base.lproj/LaunchScreen.storyboard; sourceTree = "<group>"; };
		31D96B132AA7EC4E008931E6 /* Info.plist */ = {isa = PBXFileReference; lastKnownFileType = text.plist.xml; path = Info.plist; sourceTree = "<group>"; };
		31D96B1B2AAA9986008931E6 /* secondViewController.swift */ = {isa = PBXFileReference; lastKnownFileType = sourcecode.swift; path = secondViewController.swift; sourceTree = "<group>"; };
/* End PBXFileReference section */

/* Begin PBXFrameworksBuildPhase section */
		31D96AFF2AA7EC4D008931E6 /* Frameworks */ = {
			isa = PBXFrameworksBuildPhase;
			buildActionMask = 2147483647;
			files = (
			);
			runOnlyForDeploymentPostprocessing = 0;
		};
/* End PBXFrameworksBuildPhase section */

/* Begin PBXGroup section */
		31D96AF92AA7EC4D008931E6 = {
			isa = PBXGroup;
			children = (
				31D96B042AA7EC4D008931E6 /* HackwichTwo 9.5.25 */,
				3199A2882AAAA56A00E48A9E /* Main.storyboard */,
				31D96B032AA7EC4D008931E6 /* Products */,
			);
			sourceTree = "<group>";
		};
		31D96B032AA7EC4D008931E6 /* Products */ = {
			isa = PBXGroup;
			children = (
				31D96B022AA7EC4D008931E6 /* HackwichTwo 9.5.25.app */,
			);
			name = Products;
			sourceTree = "<group>";
		};
		31D96B042AA7EC4D008931E6 /* HackwichTwo 9.5.25 */ = {
			isa = PBXGroup;
			children = (
				31D96B052AA7EC4D008931E6 /* AppDelegate.swift */,
				31D96B072AA7EC4D008931E6 /* SceneDelegate.swift */,
				31D96B092AA7EC4D008931E6 /* ViewController.swift */,
				3199A28A2AAAA56E00E48A9E /* Main.storyboard */,
				31D96B1B2AAA9986008931E6 /* secondViewController.swift */,
				31D96B0E2AA7EC4E008931E6 /* Assets.xcassets */,
				31D96B102AA7EC4E008931E6 /* LaunchScreen.storyboard */,
				31D96B132AA7EC4E008931E6 /* Info.plist */,
			);
			path = "HackwichTwo 9.5.25";
			sourceTree = "<group>";
		};
/* End PBXGroup section */

/* Begin PBXNativeTarget section */
		31D96B012AA7EC4D008931E6 /* HackwichTwo 9.5.25 */ = {
			isa = PBXNativeTarget;
			buildConfigurationList = 31D96B162AA7EC4E008931E6 /* Build configuration list for PBXNativeTarget "HackwichTwo 9.5.25" */;
			buildPhases = (
				31D96AFE2AA7EC4D008931E6 /* Sources */,
				31D96AFF2AA7EC4D008931E6 /* Frameworks */,
				31D96B002AA7EC4D008931E6 /* Resources */,
			);
			buildRules = (
			);
			dependencies = (
			);
			name = "HackwichTwo 9.5.25";
			productName = "HackwichTwo 9.5.25";
			productReference = 31D96B022AA7EC4D008931E6 /* HackwichTwo 9.5.25.app */;
			productType = "com.apple.product-type.application";
		};
/* End PBXNativeTarget section */

/* Begin PBXProject section */
		31D96AFA2AA7EC4D008931E6 /* Project object */ = {
			isa = PBXProject;
			attributes = {
				BuildIndependentTargetsInParallel = 1;
				LastSwiftUpdateCheck = 1430;
				LastUpgradeCheck = 1430;
				TargetAttributes = {
					31D96B012AA7EC4D008931E6 = {
						CreatedOnToolsVersion = 14.3.1;
					};
				};
			};
			buildConfigurationList = 31D96AFD2AA7EC4D008931E6 /* Build configuration list for PBXProject "HackwichTwo 9.5.25" */;
			compatibilityVersion = "Xcode 14.0";
			developmentRegion = en;
			hasScannedForEncodings = 0;
			knownRegions = (
				en,
				Base,
			);
			mainGroup = 31D96AF92AA7EC4D008931E6;
			productRefGroup = 31D96B032AA7EC4D008931E6 /* Products */;
			projectDirPath = "";
			projectRoot = "";
			targets = (
				31D96B012AA7EC4D008931E6 /* HackwichTwo 9.5.25 */,
			);
		};
/* End PBXProject section */

/* Begin PBXResourcesBuildPhase section */
		31D96B002AA7EC4D008931E6 /* Resources */ = {
			isa = PBXResourcesBuildPhase;
			buildActionMask = 2147483647;
			files = (
				3199A2892AAAA56A00E48A9E /* Main.storyboard in Resources */,
				31D96B122AA7EC4E008931E6 /* LaunchScreen.storyboard in Resources */,
				31D96B0F2AA7EC4E008931E6 /* Assets.xcassets in Resources */,
			);
			runOnlyForDeploymentPostprocessing = 0;
		};
/* End PBXResourcesBuildPhase section */

/* Begin PBXSourcesBuildPhase section */
		31D96AFE2AA7EC4D008931E6 /* Sources */ = {
			isa = PBXSourcesBuildPhase;
			buildActionMask = 2147483647;
			files = (
				31D96B1C2AAA9986008931E6 /* secondViewController.swift in Sources */,
				31D96B0A2AA7EC4D008931E6 /* ViewController.swift in Sources */,
				31D96B062AA7EC4D008931E6 /* AppDelegate.swift in Sources */,
				31D96B082AA7EC4D008931E6 /* SceneDelegate.swift in Sources */,
			);
			runOnlyForDeploymentPostprocessing = 0;
		};
/* End PBXSourcesBuildPhase section */

/* Begin PBXVariantGroup section */
		31D96B102AA7EC4E008931E6 /* LaunchScreen.storyboard */ = {
			isa = PBXVariantGroup;
			children = (
				31D96B112AA7EC4E008931E6 /* Base */,
			);
			name = LaunchScreen.storyboard;
			sourceTree = "<group>";
		};
/* End PBXVariantGroup section */

/* Begin XCBuildConfiguration section */
		31D96B142AA7EC4E008931E6 /* Debug */ = {
			isa = XCBuildConfiguration;
			buildSettings = {
				ALWAYS_SEARCH_USER_PATHS = NO;
				CLANG_ANALYZER_NONNULL = YES;
				CLANG_ANALYZER_NUMBER_OBJECT_CONVERSION = YES_AGGRESSIVE;
				CLANG_CXX_LANGUAGE_STANDARD = "gnu++20";
				CLANG_ENABLE_MODULES = YES;
				CLANG_ENABLE_OBJC_ARC = YES;
				CLANG_ENABLE_OBJC_WEAK = YES;
				CLANG_WARN_BLOCK_CAPTURE_AUTORELEASING = YES;
				CLANG_WARN_BOOL_CONVERSION = YES;
				CLANG_WARN_COMMA = YES;
				CLANG_WARN_CONSTANT_CONVERSION = YES;
				CLANG_WARN_DEPRECATED_OBJC_IMPLEMENTATIONS = YES;
				CLANG_WARN_DIRECT_OBJC_ISA_USAGE = YES_ERROR;
				CLANG_WARN_DOCUMENTATION_COMMENTS = YES;
				CLANG_WARN_EMPTY_BODY = YES;
				CLANG_WARN_ENUM_CONVERSION = YES;
				CLANG_WARN_INFINITE_RECURSION = YES;
				CLANG_WARN_INT_CONVERSION = YES;
				CLANG_WARN_NON_LITERAL_NULL_CONVERSION = YES;
				CLANG_WARN_OBJC_IMPLICIT_RETAIN_SELF = YES;
				CLANG_WARN_OBJC_LITERAL_CONVERSION = YES;
				CLANG_WARN_OBJC_ROOT_CLASS = YES_ERROR;
				CLANG_WARN_QUOTED_INCLUDE_IN_FRAMEWORK_HEADER = YES;
				CLANG_WARN_RANGE_LOOP_ANALYSIS = YES;
				CLANG_WARN_STRICT_PROTOTYPES = YES;
				CLANG_WARN_SUSPICIOUS_MOVE = YES;
				CLANG_WARN_UNGUARDED_AVAILABILITY = YES_AGGRESSIVE;
				CLANG_WARN_UNREACHABLE_CODE = YES;
				CLANG_WARN__DUPLICATE_METHOD_MATCH = YES;
				COPY_PHASE_STRIP = NO;
				DEBUG_INFORMATION_FORMAT = dwarf;
				ENABLE_STRICT_OBJC_MSGSEND = YES;
				ENABLE_TESTABILITY = YES;
				GCC_C_LANGUAGE_STANDARD = gnu11;
				GCC_DYNAMIC_NO_PIC = NO;
				GCC_NO_COMMON_BLOCKS = YES;
				GCC_OPTIMIZATION_LEVEL = 0;
				GCC_PREPROCESSOR_DEFINITIONS = (
					"DEBUG=1",
					"$(inherited)",
				);
				GCC_WARN_64_TO_32_BIT_CONVERSION = YES;
				GCC_WARN_ABOUT_RETURN_TYPE = YES_ERROR;
				GCC_WARN_UNDECLARED_SELECTOR = YES;
				GCC_WARN_UNINITIALIZED_AUTOS = YES_AGGRESSIVE;
				GCC_WARN_UNUSED_FUNCTION = YES;
				GCC_WARN_UNUSED_VARIABLE = YES;
				IPHONEOS_DEPLOYMENT_TARGET = 16.4;
				MTL_ENABLE_DEBUG_INFO = INCLUDE_SOURCE;
				MTL_FAST_MATH = YES;
				ONLY_ACTIVE_ARCH = YES;
				SDKROOT = iphoneos;
				SWIFT_ACTIVE_COMPILATION_CONDITIONS = DEBUG;
				SWIFT_OPTIMIZATION_LEVEL = "-Onone";
			};
			name = Debug;
		};
		31D96B152AA7EC4E008931E6 /* Release */ = {
			isa = XCBuildConfiguration;
			buildSettings = {
				ALWAYS_SEARCH_USER_PATHS = NO;
				CLANG_ANALYZER_NONNULL = YES;
				CLANG_ANALYZER_NUMBER_OBJECT_CONVERSION = YES_AGGRESSIVE;
				CLANG_CXX_LANGUAGE_STANDARD = "gnu++20";
				CLANG_ENABLE_MODULES = YES;
				CLANG_ENABLE_OBJC_ARC = YES;
				CLANG_ENABLE_OBJC_WEAK = YES;
				CLANG_WARN_BLOCK_CAPTURE_AUTORELEASING = YES;
				CLANG_WARN_BOOL_CONVERSION = YES;
				CLANG_WARN_COMMA = YES;
				CLANG_WARN_CONSTANT_CONVERSION = YES;
				CLANG_WARN_DEPRECATED_OBJC_IMPLEMENTATIONS = YES;
				CLANG_WARN_DIRECT_OBJC_ISA_USAGE = YES_ERROR;
				CLANG_WARN_DOCUMENTATION_COMMENTS = YES;
				CLANG_WARN_EMPTY_BODY = YES;
				CLANG_WARN_ENUM_CONVERSION = YES;
				CLANG_WARN_INFINITE_RECURSION = YES;
				CLANG_WARN_INT_CONVERSION = YES;
				CLANG_WARN_NON_LITERAL_NULL_CONVERSION = YES;
				CLANG_WARN_OBJC_IMPLICIT_RETAIN_SELF = YES;
				CLANG_WARN_OBJC_LITERAL_CONVERSION = YES;
				CLANG_WARN_OBJC_ROOT_CLASS = YES_ERROR;
				CLANG_WARN_QUOTED_INCLUDE_IN_FRAMEWORK_HEADER = YES;
				CLANG_WARN_RANGE_LOOP_ANALYSIS = YES;
				CLANG_WARN_STRICT_PROTOTYPES = YES;
				CLANG_WARN_SUSPICIOUS_MOVE = YES;
				CLANG_WARN_UNGUARDED_AVAILABILITY = YES_AGGRESSIVE;
				CLANG_WARN_UNREACHABLE_CODE = YES;
				CLANG_WARN__DUPLICATE_METHOD_MATCH = YES;
				COPY_PHASE_STRIP = NO;
				DEBUG_INFORMATION_FORMAT = "dwarf-with-dsym";
				ENABLE_NS_ASSERTIONS = NO;
				ENABLE_STRICT_OBJC_MSGSEND = YES;
				GCC_C_LANGUAGE_STANDARD = gnu11;
				GCC_NO_COMMON_BLOCKS = YES;
				GCC_WARN_64_TO_32_BIT_CONVERSION = YES;
				GCC_WARN_ABOUT_RETURN_TYPE = YES_ERROR;
				GCC_WARN_UNDECLARED_SELECTOR = YES;
				GCC_WARN_UNINITIALIZED_AUTOS = YES_AGGRESSIVE;
				GCC_WARN_UNUSED_FUNCTION = YES;
				GCC_WARN_UNUSED_VARIABLE = YES;
				IPHONEOS_DEPLOYMENT_TARGET = 16.4;
				MTL_ENABLE_DEBUG_INFO = NO;
				MTL_FAST_MATH = YES;
				SDKROOT = iphoneos;
				SWIFT_COMPILATION_MODE = wholemodule;
				SWIFT_OPTIMIZATION_LEVEL = "-O";
				VALIDATE_PRODUCT = YES;
			};
			name = Release;
		};
		31D96B172AA7EC4E008931E6 /* Debug */ = {
			isa = XCBuildConfiguration;
			buildSettings = {
				ASSETCATALOG_COMPILER_APPICON_NAME = AppIcon;
				ASSETCATALOG_COMPILER_GLOBAL_ACCENT_COLOR_NAME = AccentColor;
				CODE_SIGN_STYLE = Automatic;
				CURRENT_PROJECT_VERSION = 1;
				DEVELOPMENT_TEAM = GJ46UN93NP;
				GENERATE_INFOPLIST_FILE = YES;
				INFOPLIST_FILE = "HackwichTwo 9.5.25/Info.plist";
				INFOPLIST_KEY_UIApplicationSupportsIndirectInputEvents = YES;
				INFOPLIST_KEY_UILaunchStoryboardName = LaunchScreen;
				INFOPLIST_KEY_UIMainStoryboardFile = Main;
				INFOPLIST_KEY_UISupportedInterfaceOrientations_iPad = "UIInterfaceOrientationPortrait UIInterfaceOrientationPortraitUpsideDown UIInterfaceOrientationLandscapeLeft UIInterfaceOrientationLandscapeRight";
				INFOPLIST_KEY_UISupportedInterfaceOrientations_iPhone = "UIInterfaceOrientationPortrait UIInterfaceOrientationLandscapeLeft UIInterfaceOrientationLandscapeRight";
				LD_RUNPATH_SEARCH_PATHS = (
					"$(inherited)",
					"@executable_path/Frameworks",
				);
				MARKETING_VERSION = 1.0;
				PRODUCT_BUNDLE_IDENTIFIER = "com.UHWO.HackwichTwo-9-5-25";
				PRODUCT_NAME = "$(TARGET_NAME)";
				SWIFT_EMIT_LOC_STRINGS = YES;
				SWIFT_VERSION = 5.0;
				TARGETED_DEVICE_FAMILY = "1,2";
			};
			name = Debug;
		};
		31D96B182AA7EC4E008931E6 /* Release */ = {
			isa = XCBuildConfiguration;
			buildSettings = {
				ASSETCATALOG_COMPILER_APPICON_NAME = AppIcon;
				ASSETCATALOG_COMPILER_GLOBAL_ACCENT_COLOR_NAME = AccentColor;
				CODE_SIGN_STYLE = Automatic;
				CURRENT_PROJECT_VERSION = 1;
				DEVELOPMENT_TEAM = GJ46UN93NP;
				GENERATE_INFOPLIST_FILE = YES;
				INFOPLIST_FILE = "HackwichTwo 9.5.25/Info.plist";
				INFOPLIST_KEY_UIApplicationSupportsIndirectInputEvents = YES;
				INFOPLIST_KEY_UILaunchStoryboardName = LaunchScreen;
				INFOPLIST_KEY_UIMainStoryboardFile = Main;
				INFOPLIST_KEY_UISupportedInterfaceOrientations_iPad = "UIInterfaceOrientationPortrait UIInterfaceOrientationPortraitUpsideDown UIInterfaceOrientationLandscapeLeft UIInterfaceOrientationLandscapeRight";
				INFOPLIST_KEY_UISupportedInterfaceOrientations_iPhone = "UIInterfaceOrientationPortrait UIInterfaceOrientationLandscapeLeft UIInterfaceOrientationLandscapeRight";
				LD_RUNPATH_SEARCH_PATHS = (
					"$(inherited)",
					"@executable_path/Frameworks",
				);
				MARKETING_VERSION = 1.0;
				PRODUCT_BUNDLE_IDENTIFIER = "com.UHWO.HackwichTwo-9-5-25";
				PRODUCT_NAME = "$(TARGET_NAME)";
				SWIFT_EMIT_LOC_STRINGS = YES;
				SWIFT_VERSION = 5.0;
				TARGETED_DEVICE_FAMILY = "1,2";
			};
			name = Release;
		};
/* End XCBuildConfiguration section */

/* Begin XCConfigurationList section */
		31D96AFD2AA7EC4D008931E6 /* Build configuration list for PBXProject "HackwichTwo 9.5.25" */ = {
			isa = XCConfigurationList;
			buildConfigurations = (
				31D96B142AA7EC4E008931E6 /* Debug */,
				31D96B152AA7EC4E008931E6 /* Release */,
			);
			defaultConfigurationIsVisible = 0;
			defaultConfigurationName = Release;
		};
		31D96B162AA7EC4E008931E6 /* Build configuration list for PBXNativeTarget "HackwichTwo 9.5.25" */ = {
			isa = XCConfigurationList;
			buildConfigurations = (
				31D96B172AA7EC4E008931E6 /* Debug */,
				31D96B182AA7EC4E008931E6 /* Release */,
			);
			defaultConfigurationIsVisible = 0;
			defaultConfigurationName = Release;
		};
/* End XCConfigurationList section */
	};
	rootObject = 31D96AFA2AA7EC4D008931E6 /* Project object */;
}
